
Microsoft Visual Studio Solution File, Format Version 12.00
# Visual Studio Version 17
VisualStudioVersion = 17.0.32112.339
MinimumVisualStudioVersion = 10.0.40219.1
Project("{9A19103F-16F7-4668-BE54-9A1E7A4F7556}") = "RockLib.EmbeddedNativeLibrary", "RockLib.EmbeddedNativeLibrary\RockLib.EmbeddedNativeLibrary.csproj", "{F41993CE-A758-4B5C-A1CF-98553D02E697}"
EndProject
Project("{2150E333-8FDC-42A3-9474-1A3956D46DE8}") = "Solution Items", "Solution Items", "{13CBFA37-FC07-4283-8604-E6AA223C710B}"
	ProjectSection(SolutionItems) = preProject
		.editorconfig = .editorconfig
		CODE_OF_CONDUCT.md = CODE_OF_CONDUCT.md
		CONTRIBUTING.md = CONTRIBUTING.md
		Directory.Build.props = Directory.Build.props
		LICENSE.md = LICENSE.md
		README.md = README.md
	EndProjectSection
EndProject
Global
	GlobalSection(SolutionConfigurationPlatforms) = preSolution
		Debug|Any CPU = Debug|Any CPU
		Release|Any CPU = Release|Any CPU
	EndGlobalSection
	GlobalSection(ProjectConfigurationPlatforms) = postSolution
		{F41993CE-A758-4B5C-A1CF-98553D02E697}.Debug|Any CPU.ActiveCfg = Debug|Any CPU
		{F41993CE-A758-4B5C-A1CF-98553D02E697}.Debug|Any CPU.Build.0 = Debug|Any CPU
		{F41993CE-A758-4B5C-A1CF-98553D02E697}.Release|Any CPU.ActiveCfg = Release|Any CPU
		{F41993CE-A758-4B5C-A1CF-98553D02E697}.Release|Any CPU.Build.0 = Release|Any CPU
	EndGlobalSection
	GlobalSection(SolutionProperties) = preSolution
		HideSolutionNode = FALSE
	EndGlobalSection
	GlobalSection(ExtensibilityGlobals) = postSolution
		SolutionGuid = {E81D2A07-F032-4B50-BAEE-0E6D8C3D141D}
	EndGlobalSection
EndGlobal
